
Microsoft Visual Studio Solution File, Format Version 12.00
# Visual Studio Version 16
VisualStudioVersion = 16.0.28714.193
MinimumVisualStudioVersion = 10.0.40219.1
Project("{9A19103F-16F7-4668-BE54-9A1E7A4F7556}") = "ProphetsWay.BaseDataAccess", "ProphetsWay.BaseDataAccess\ProphetsWay.BaseDataAccess.csproj", "{F41593D8-5FBE-41DD-852D-B86F5BE55F52}"
EndProject
Project("{2150E333-8FDC-42A3-9474-1A3956D46DE8}") = "Solution Items", "Solution Items", "{0452F8F6-E7AF-46D0-AD85-3CB6AF10EE1D}"
	ProjectSection(SolutionItems) = preProject
		azure-pipelines.yml = azure-pipelines.yml
		build-and-test.yml = build-and-test.yml
		build-test-deploy-release.yml = build-test-deploy-release.yml
		CHANGELOG.md = CHANGELOG.md
		LICENSE = LICENSE
		README.md = README.md
		version-variables.yml = version-variables.yml
	EndProjectSection
EndProject
Project("{9A19103F-16F7-4668-BE54-9A1E7A4F7556}") = "ProphetsWay.Example.DataAccess", "ProphetsWay.Example\ProphetsWay.Example.DataAccess\ProphetsWay.Example.DataAccess.csproj", "{3B58BB4C-75CD-4A64-9EDB-E9B28BBF679C}"
EndProject
Project("{9A19103F-16F7-4668-BE54-9A1E7A4F7556}") = "ProphetsWay.Example.DataAccess.NoDB", "ProphetsWay.Example\ProphetsWay.Example.DataAccess.NoDB\ProphetsWay.Example.DataAccess.NoDB.csproj", "{2D571D10-FAF3-42F6-B04F-5984B53A6DDD}"
EndProject
Project("{9A19103F-16F7-4668-BE54-9A1E7A4F7556}") = "ProphetsWay.Example.Tests", "ProphetsWay.Example\ProphetsWay.Example.Tests\ProphetsWay.Example.Tests.csproj", "{667E635F-EFD8-4DE9-8D35-769DDA34A0C5}"
EndProject
Project("{2150E333-8FDC-42A3-9474-1A3956D46DE8}") = "ProphetsWay.Example Projects", "ProphetsWay.Example Projects", "{452C373D-7144-4A7D-BC05-6CD8C4912828}"
EndProject
Project("{2150E333-8FDC-42A3-9474-1A3956D46DE8}") = "New Pipeline Stuff", "New Pipeline Stuff", "{845BA633-506D-4D64-BAE6-6458FBDABE1E}"
	ProjectSection(SolutionItems) = preProject
		app-variables.yml = app-variables.yml
		local-pipeline.yml = local-pipeline.yml
	EndProjectSection
EndProject
Project("{2150E333-8FDC-42A3-9474-1A3956D46DE8}") = "stages", "stages", "{06844469-7699-457B-A6F3-8DF2CFDC61A3}"
	ProjectSection(SolutionItems) = preProject
		stages\ci-build.yml = stages\ci-build.yml
		stages\deploy-release.yml = stages\deploy-release.yml
		stages\prophets-pipeline.yml = stages\prophets-pipeline.yml
		stages\pull-request.yml = stages\pull-request.yml
	EndProjectSection
EndProject
Project("{2150E333-8FDC-42A3-9474-1A3956D46DE8}") = "steps", "steps", "{FBF2C14A-F9C6-4582-97B3-5FDE47B46549}"
	ProjectSection(SolutionItems) = preProject
		steps\create-github-release.yml = steps\create-github-release.yml
		steps\package-artifacts.yml = steps\package-artifacts.yml
		steps\restore-build-test.yml = steps\restore-build-test.yml
	EndProjectSection
EndProject
Project("{2150E333-8FDC-42A3-9474-1A3956D46DE8}") = "variables", "variables", "{FDF4461D-6251-41FE-B21B-0891A24A122C}"
	ProjectSection(SolutionItems) = preProject
		variables\versions.yml = variables\versions.yml
	EndProjectSection
EndProject
Global
	GlobalSection(SolutionConfigurationPlatforms) = preSolution
		Debug|Any CPU = Debug|Any CPU
		Release|Any CPU = Release|Any CPU
	EndGlobalSection
	GlobalSection(ProjectConfigurationPlatforms) = postSolution
		{F41593D8-5FBE-41DD-852D-B86F5BE55F52}.Debug|Any CPU.ActiveCfg = Debug|Any CPU
		{F41593D8-5FBE-41DD-852D-B86F5BE55F52}.Debug|Any CPU.Build.0 = Debug|Any CPU
		{F41593D8-5FBE-41DD-852D-B86F5BE55F52}.Release|Any CPU.ActiveCfg = Release|Any CPU
		{F41593D8-5FBE-41DD-852D-B86F5BE55F52}.Release|Any CPU.Build.0 = Release|Any CPU
		{3B58BB4C-75CD-4A64-9EDB-E9B28BBF679C}.Debug|Any CPU.ActiveCfg = Debug|Any CPU
		{3B58BB4C-75CD-4A64-9EDB-E9B28BBF679C}.Debug|Any CPU.Build.0 = Debug|Any CPU
		{3B58BB4C-75CD-4A64-9EDB-E9B28BBF679C}.Release|Any CPU.ActiveCfg = Release|Any CPU
		{3B58BB4C-75CD-4A64-9EDB-E9B28BBF679C}.Release|Any CPU.Build.0 = Release|Any CPU
		{2D571D10-FAF3-42F6-B04F-5984B53A6DDD}.Debug|Any CPU.ActiveCfg = Debug|Any CPU
		{2D571D10-FAF3-42F6-B04F-5984B53A6DDD}.Debug|Any CPU.Build.0 = Debug|Any CPU
		{2D571D10-FAF3-42F6-B04F-5984B53A6DDD}.Release|Any CPU.ActiveCfg = Release|Any CPU
		{2D571D10-FAF3-42F6-B04F-5984B53A6DDD}.Release|Any CPU.Build.0 = Release|Any CPU
		{667E635F-EFD8-4DE9-8D35-769DDA34A0C5}.Debug|Any CPU.ActiveCfg = Debug|Any CPU
		{667E635F-EFD8-4DE9-8D35-769DDA34A0C5}.Debug|Any CPU.Build.0 = Debug|Any CPU
		{667E635F-EFD8-4DE9-8D35-769DDA34A0C5}.Release|Any CPU.ActiveCfg = Release|Any CPU
		{667E635F-EFD8-4DE9-8D35-769DDA34A0C5}.Release|Any CPU.Build.0 = Release|Any CPU
	EndGlobalSection
	GlobalSection(SolutionProperties) = preSolution
		HideSolutionNode = FALSE
	EndGlobalSection
	GlobalSection(NestedProjects) = preSolution
		{3B58BB4C-75CD-4A64-9EDB-E9B28BBF679C} = {452C373D-7144-4A7D-BC05-6CD8C4912828}
		{2D571D10-FAF3-42F6-B04F-5984B53A6DDD} = {452C373D-7144-4A7D-BC05-6CD8C4912828}
		{667E635F-EFD8-4DE9-8D35-769DDA34A0C5} = {452C373D-7144-4A7D-BC05-6CD8C4912828}
		{845BA633-506D-4D64-BAE6-6458FBDABE1E} = {0452F8F6-E7AF-46D0-AD85-3CB6AF10EE1D}
		{06844469-7699-457B-A6F3-8DF2CFDC61A3} = {845BA633-506D-4D64-BAE6-6458FBDABE1E}
		{FBF2C14A-F9C6-4582-97B3-5FDE47B46549} = {845BA633-506D-4D64-BAE6-6458FBDABE1E}
		{FDF4461D-6251-41FE-B21B-0891A24A122C} = {845BA633-506D-4D64-BAE6-6458FBDABE1E}
	EndGlobalSection
	GlobalSection(ExtensibilityGlobals) = postSolution
		SolutionGuid = {1E62245B-EE6F-4FCF-AF94-C0F4B5C2EC43}
	EndGlobalSection
EndGlobal
